{
    "_readme": [
        "This file locks the dependencies of your project to a known state",
        "Read more about it at https://getcomposer.org/doc/01-basic-usage.md#composer-lock-the-lock-file",
        "This file is @generated automatically"
    ],
    "hash": "84d9a8444eacc825c2e5659b04eb339f",
    "content-hash": "230982eb3fa0d62f124220ec823e5575",
    "packages": [
        {
            "name": "block_io-php/block_io-php",
            "version": "1.1.3",
            "source": {
                "type": "git",
                "url": "https://github.com/BlockIo/block_io-php.git",
                "reference": "e1192d8d2884436d9f016816b3200f462cc388bf"
            },
            "dist": {
                "type": "zip",
                "url": "https://api.github.com/repos/BlockIo/block_io-php/zipball/e1192d8d2884436d9f016816b3200f462cc388bf",
                "reference": "e1192d8d2884436d9f016816b3200f462cc388bf",
                "shasum": ""
            },
            "require": {
                "ext-curl": "*",
                "php": ">=5.4.0"
            },
            "type": "library",
            "autoload": {
                "classmap": [
                    "lib/"
                ]
            },
            "notification-url": "https://packagist.org/downloads/",
            "license": [
                "MIT"
            ],
            "description": "Block.io is the easiest way to create wallets, send, and accept payments through Bitcoin, Litecoin, and Dogecoin. This is its PHP library.",
            "homepage": "https://block.io",
            "keywords": [
                "bitcoin",
                "block.io",
                "block_io",
                "dogecoin",
                "litecoin"
            ],
            "time": "2015-01-30 03:32:20"
        },
        {
            "name": "djagya/bitcoin-blockio-wrapper",
            "version": "dev-master",
            "source": {
                "type": "git",
                "url": "https://github.com/djagya/bitcoin-blockio-wrapper.git",
                "reference": "864e2a91abe9c3db32d4a67c493acf4d5638da3a"
            },
            "dist": {
                "type": "zip",
                "url": "https://api.github.com/repos/djagya/bitcoin-blockio-wrapper/zipball/864e2a91abe9c3db32d4a67c493acf4d5638da3a",
                "reference": "864e2a91abe9c3db32d4a67c493acf4d5638da3a",
                "shasum": ""
            },
            "require": {
                "block_io-php/block_io-php": "^1.1",
                "php": ">=5.5"
            },
            "type": "library",
            "autoload": {
                "psr-4": {
                    "djagya\\bitcoin\\": "src/"
                }
            },
            "notification-url": "https://packagist.org/downloads/",
            "license": [
                "MIT"
            ],
            "authors": [
                {
                    "name": "danil zakablukovskii",
                    "email": "danil.kabluk@gmail.com"
                }
            ],
            "description": "Simple wrapper for Block.io API for multiple addresses for multiple users management purposes. Created for personal purposes.",
            "keywords": [
                "bitcoin",
                "block.io",
                "wallet"
            ],
            "time": "2016-06-11 10:01:42"
        }
    ],
    "packages-dev": [],
    "aliases": [],
    "minimum-stability": "dev",
    "stability-flags": [],
    "prefer-stable": false,
    "prefer-lowest": false,
    "platform": {
        "php": ">=5.5"
    },
    "platform-dev": []
}
